// !$*UTF8*$!
{
	archiveVersion = 1;
	classes = {
	};
	objectVersion = 55;
	objects = {

/* Begin PBXBuildFile section */
		F89E1B7128E2114500F22147 /* UsersStaticData.json in Resources */ = {isa = PBXBuildFile; fileRef = F89E1B7028E2114500F22147 /* UsersStaticData.json */; };
		F89E1B7328E2119200F22147 /* SingleUserData.json in Resources */ = {isa = PBXBuildFile; fileRef = F89E1B7228E2119200F22147 /* SingleUserData.json */; };
		F89E1B7528E2124C00F22147 /* UserDetailResponse.swift in Sources */ = {isa = PBXBuildFile; fileRef = F89E1B7428E2124C00F22147 /* UserDetailResponse.swift */; };
		F89E1B7728E2368F00F22147 /* UsersResponse.swift in Sources */ = {isa = PBXBuildFile; fileRef = F89E1B7628E2368F00F22147 /* UsersResponse.swift */; };
		F89E1B7A28E2373300F22147 /* Models.swift in Sources */ = {isa = PBXBuildFile; fileRef = F89E1B7928E2373300F22147 /* Models.swift */; };
		F89E1B7D28E2378000F22147 /* StaticJSONMapper.swift in Sources */ = {isa = PBXBuildFile; fileRef = F89E1B7C28E2378000F22147 /* StaticJSONMapper.swift */; };
		F89E1B7F28E382AA00F22147 /* PeopleView.swift in Sources */ = {isa = PBXBuildFile; fileRef = F89E1B7E28E382AA00F22147 /* PeopleView.swift */; };
		F8F0DC4D28BB7CDD001C34EC /* iOSTakeHomeProjectApp.swift in Sources */ = {isa = PBXBuildFile; fileRef = F8F0DC4C28BB7CDD001C34EC /* iOSTakeHomeProjectApp.swift */; };
		F8F0DC5128BB7CE0001C34EC /* Assets.xcassets in Resources */ = {isa = PBXBuildFile; fileRef = F8F0DC5028BB7CE0001C34EC /* Assets.xcassets */; };
		F8F0DC5428BB7CE0001C34EC /* Preview Assets.xcassets in Resources */ = {isa = PBXBuildFile; fileRef = F8F0DC5328BB7CE0001C34EC /* Preview Assets.xcassets */; };
		F8F0DC5C28BB7D46001C34EC /* Symbols.swift in Sources */ = {isa = PBXBuildFile; fileRef = F8F0DC5B28BB7D46001C34EC /* Symbols.swift */; };
		F8F0DC5E28BB7F3B001C34EC /* Theme.swift in Sources */ = {isa = PBXBuildFile; fileRef = F8F0DC5D28BB7F3B001C34EC /* Theme.swift */; };
/* End PBXBuildFile section */

/* Begin PBXFileReference section */
		F89E1B7028E2114500F22147 /* UsersStaticData.json */ = {isa = PBXFileReference; lastKnownFileType = text.json; path = UsersStaticData.json; sourceTree = "<group>"; };
		F89E1B7228E2119200F22147 /* SingleUserData.json */ = {isa = PBXFileReference; lastKnownFileType = text.json; path = SingleUserData.json; sourceTree = "<group>"; };
		F89E1B7428E2124C00F22147 /* UserDetailResponse.swift */ = {isa = PBXFileReference; lastKnownFileType = sourcecode.swift; path = UserDetailResponse.swift; sourceTree = "<group>"; };
		F89E1B7628E2368F00F22147 /* UsersResponse.swift */ = {isa = PBXFileReference; lastKnownFileType = sourcecode.swift; path = UsersResponse.swift; sourceTree = "<group>"; };
		F89E1B7928E2373300F22147 /* Models.swift */ = {isa = PBXFileReference; lastKnownFileType = sourcecode.swift; path = Models.swift; sourceTree = "<group>"; };
		F89E1B7C28E2378000F22147 /* StaticJSONMapper.swift */ = {isa = PBXFileReference; lastKnownFileType = sourcecode.swift; path = StaticJSONMapper.swift; sourceTree = "<group>"; };
		F89E1B7E28E382AA00F22147 /* PeopleView.swift */ = {isa = PBXFileReference; lastKnownFileType = sourcecode.swift; path = PeopleView.swift; sourceTree = "<group>"; };
		F8F0DC4928BB7CDD001C34EC /* iOSTakeHomeProject.app */ = {isa = PBXFileReference; explicitFileType = wrapper.application; includeInIndex = 0; path = iOSTakeHomeProject.app; sourceTree = BUILT_PRODUCTS_DIR; };
		F8F0DC4C28BB7CDD001C34EC /* iOSTakeHomeProjectApp.swift */ = {isa = PBXFileReference; lastKnownFileType = sourcecode.swift; path = iOSTakeHomeProjectApp.swift; sourceTree = "<group>"; };
		F8F0DC5028BB7CE0001C34EC /* Assets.xcassets */ = {isa = PBXFileReference; lastKnownFileType = folder.assetcatalog; path = Assets.xcassets; sourceTree = "<group>"; };
		F8F0DC5328BB7CE0001C34EC /* Preview Assets.xcassets */ = {isa = PBXFileReference; lastKnownFileType = folder.assetcatalog; path = "Preview Assets.xcassets"; sourceTree = "<group>"; };
		F8F0DC5B28BB7D46001C34EC /* Symbols.swift */ = {isa = PBXFileReference; lastKnownFileType = sourcecode.swift; path = Symbols.swift; sourceTree = "<group>"; };
		F8F0DC5D28BB7F3B001C34EC /* Theme.swift */ = {isa = PBXFileReference; lastKnownFileType = sourcecode.swift; path = Theme.swift; sourceTree = "<group>"; };
		F8F0DC7128BB879A001C34EC /* Info.plist */ = {isa = PBXFileReference; lastKnownFileType = text.plist; path = Info.plist; sourceTree = "<group>"; };
/* End PBXFileReference section */

/* Begin PBXFrameworksBuildPhase section */
		F8F0DC4628BB7CDD001C34EC /* Frameworks */ = {
			isa = PBXFrameworksBuildPhase;
			buildActionMask = 2147483647;
			files = (
			);
			runOnlyForDeploymentPostprocessing = 0;
		};
/* End PBXFrameworksBuildPhase section */

/* Begin PBXGroup section */
		F89E1B6F28E210FD00F22147 /* JSON */ = {
			isa = PBXGroup;
			children = (
				F89E1B7028E2114500F22147 /* UsersStaticData.json */,
				F89E1B7228E2119200F22147 /* SingleUserData.json */,
			);
			path = JSON;
			sourceTree = "<group>";
		};
		F89E1B7828E2371F00F22147 /* Model */ = {
			isa = PBXGroup;
			children = (
				F89E1B7928E2373300F22147 /* Models.swift */,
			);
			path = Model;
			sourceTree = "<group>";
		};
		F89E1B7B28E2376800F22147 /* Mapper */ = {
			isa = PBXGroup;
			children = (
				F89E1B7C28E2378000F22147 /* StaticJSONMapper.swift */,
			);
			path = Mapper;
			sourceTree = "<group>";
		};
		F8F0DC4028BB7CDD001C34EC = {
			isa = PBXGroup;
			children = (
				F8F0DC4B28BB7CDD001C34EC /* iOSTakeHomeProject */,
				F8F0DC4A28BB7CDD001C34EC /* Products */,
			);
			sourceTree = "<group>";
		};
		F8F0DC4A28BB7CDD001C34EC /* Products */ = {
			isa = PBXGroup;
			children = (
				F8F0DC4928BB7CDD001C34EC /* iOSTakeHomeProject.app */,
			);
			name = Products;
			sourceTree = "<group>";
		};
		F8F0DC4B28BB7CDD001C34EC /* iOSTakeHomeProject */ = {
			isa = PBXGroup;
			children = (
				F8F0DC7128BB879A001C34EC /* Info.plist */,
				F8F0DC6028BB8254001C34EC /* Features */,
				F8F0DC5F28BB8248001C34EC /* Base */,
				F8F0DC5A28BB7CF3001C34EC /* Resources */,
				F8F0DC4C28BB7CDD001C34EC /* iOSTakeHomeProjectApp.swift */,
				F8F0DC5028BB7CE0001C34EC /* Assets.xcassets */,
				F8F0DC5228BB7CE0001C34EC /* Preview Content */,
			);
			path = iOSTakeHomeProject;
			sourceTree = "<group>";
		};
		F8F0DC5228BB7CE0001C34EC /* Preview Content */ = {
			isa = PBXGroup;
			children = (
				F8F0DC5328BB7CE0001C34EC /* Preview Assets.xcassets */,
			);
			path = "Preview Content";
			sourceTree = "<group>";
		};
		F8F0DC5A28BB7CF3001C34EC /* Resources */ = {
			isa = PBXGroup;
			children = (
				F89E1B6F28E210FD00F22147 /* JSON */,
				F8F0DC5B28BB7D46001C34EC /* Symbols.swift */,
				F8F0DC5D28BB7F3B001C34EC /* Theme.swift */,
			);
			path = Resources;
			sourceTree = "<group>";
		};
		F8F0DC5F28BB8248001C34EC /* Base */ = {
			isa = PBXGroup;
			children = (
				F89E1B7B28E2376800F22147 /* Mapper */,
				F89E1B7828E2371F00F22147 /* Model */,
			);
			path = Base;
			sourceTree = "<group>";
		};
		F8F0DC6028BB8254001C34EC /* Features */ = {
			isa = PBXGroup;
			children = (
				F8F0DC6428BB827A001C34EC /* Settings */,
				F8F0DC6328BB8271001C34EC /* Detail */,
				F8F0DC6128BB825E001C34EC /* Create */,
				F8F0DC6228BB8267001C34EC /* People */,
			);
			path = Features;
			sourceTree = "<group>";
		};
		F8F0DC6128BB825E001C34EC /* Create */ = {
			isa = PBXGroup;
			children = (
				F8F0DC6A28BB82DD001C34EC /* Model */,
				F8F0DC6928BB82D4001C34EC /* View Models */,
				F8F0DC6828BB82CE001C34EC /* Views */,
			);
			path = Create;
			sourceTree = "<group>";
		};
		F8F0DC6228BB8267001C34EC /* People */ = {
			isa = PBXGroup;
			children = (
				F8F0DC6628BB8292001C34EC /* Model */,
				F8F0DC6528BB8288001C34EC /* View Models */,
				F8F0DC6728BB829A001C34EC /* Views */,
			);
			path = People;
			sourceTree = "<group>";
		};
		F8F0DC6328BB8271001C34EC /* Detail */ = {
			isa = PBXGroup;
			children = (
				F8F0DC6D28BB82F6001C34EC /* Model */,
				F8F0DC6C28BB82EC001C34EC /* View Models */,
				F8F0DC6B28BB82E5001C34EC /* Views */,
			);
			path = Detail;
			sourceTree = "<group>";
		};
		F8F0DC6428BB827A001C34EC /* Settings */ = {
			isa = PBXGroup;
			children = (
				F8F0DC6E28BB82FE001C34EC /* Views */,
			);
			path = Settings;
			sourceTree = "<group>";
		};
		F8F0DC6528BB8288001C34EC /* View Models */ = {
			isa = PBXGroup;
			children = (
			);
			path = "View Models";
			sourceTree = "<group>";
		};
		F8F0DC6628BB8292001C34EC /* Model */ = {
			isa = PBXGroup;
			children = (
				F89E1B7628E2368F00F22147 /* UsersResponse.swift */,
			);
			path = Model;
			sourceTree = "<group>";
		};
		F8F0DC6728BB829A001C34EC /* Views */ = {
			isa = PBXGroup;
			children = (
				F89E1B7E28E382AA00F22147 /* PeopleView.swift */,
			);
			path = Views;
			sourceTree = "<group>";
		};
		F8F0DC6828BB82CE001C34EC /* Views */ = {
			isa = PBXGroup;
			children = (
			);
			path = Views;
			sourceTree = "<group>";
		};
		F8F0DC6928BB82D4001C34EC /* View Models */ = {
			isa = PBXGroup;
			children = (
			);
			path = "View Models";
			sourceTree = "<group>";
		};
		F8F0DC6A28BB82DD001C34EC /* Model */ = {
			isa = PBXGroup;
			children = (
			);
			path = Model;
			sourceTree = "<group>";
		};
		F8F0DC6B28BB82E5001C34EC /* Views */ = {
			isa = PBXGroup;
			children = (
			);
			path = Views;
			sourceTree = "<group>";
		};
		F8F0DC6C28BB82EC001C34EC /* View Models */ = {
			isa = PBXGroup;
			children = (
			);
			path = "View Models";
			sourceTree = "<group>";
		};
		F8F0DC6D28BB82F6001C34EC /* Model */ = {
			isa = PBXGroup;
			children = (
				F89E1B7428E2124C00F22147 /* UserDetailResponse.swift */,
			);
			path = Model;
			sourceTree = "<group>";
		};
		F8F0DC6E28BB82FE001C34EC /* Views */ = {
			isa = PBXGroup;
			children = (
			);
			path = Views;
			sourceTree = "<group>";
		};
/* End PBXGroup section */

/* Begin PBXNativeTarget section */
		F8F0DC4828BB7CDD001C34EC /* iOSTakeHomeProject */ = {
			isa = PBXNativeTarget;
			buildConfigurationList = F8F0DC5728BB7CE0001C34EC /* Build configuration list for PBXNativeTarget "iOSTakeHomeProject" */;
			buildPhases = (
				F8F0DC4528BB7CDD001C34EC /* Sources */,
				F8F0DC4628BB7CDD001C34EC /* Frameworks */,
				F8F0DC4728BB7CDD001C34EC /* Resources */,
			);
			buildRules = (
			);
			dependencies = (
			);
			name = iOSTakeHomeProject;
			productName = iOSTakeHomeProject;
			productReference = F8F0DC4928BB7CDD001C34EC /* iOSTakeHomeProject.app */;
			productType = "com.apple.product-type.application";
		};
/* End PBXNativeTarget section */

/* Begin PBXProject section */
		F8F0DC4128BB7CDD001C34EC /* Project object */ = {
			isa = PBXProject;
			attributes = {
				BuildIndependentTargetsInParallel = 1;
				LastSwiftUpdateCheck = 1340;
				LastUpgradeCheck = 1340;
				TargetAttributes = {
					F8F0DC4828BB7CDD001C34EC = {
						CreatedOnToolsVersion = 13.4.1;
					};
				};
			};
			buildConfigurationList = F8F0DC4428BB7CDD001C34EC /* Build configuration list for PBXProject "iOSTakeHomeProject" */;
			compatibilityVersion = "Xcode 13.0";
			developmentRegion = en;
			hasScannedForEncodings = 0;
			knownRegions = (
				en,
				Base,
			);
			mainGroup = F8F0DC4028BB7CDD001C34EC;
			productRefGroup = F8F0DC4A28BB7CDD001C34EC /* Products */;
			projectDirPath = "";
			projectRoot = "";
			targets = (
				F8F0DC4828BB7CDD001C34EC /* iOSTakeHomeProject */,
			);
		};
/* End PBXProject section */

/* Begin PBXResourcesBuildPhase section */
		F8F0DC4728BB7CDD001C34EC /* Resources */ = {
			isa = PBXResourcesBuildPhase;
			buildActionMask = 2147483647;
			files = (
				F8F0DC5428BB7CE0001C34EC /* Preview Assets.xcassets in Resources */,
				F8F0DC5128BB7CE0001C34EC /* Assets.xcassets in Resources */,
				F89E1B7328E2119200F22147 /* SingleUserData.json in Resources */,
				F89E1B7128E2114500F22147 /* UsersStaticData.json in Resources */,
			);
			runOnlyForDeploymentPostprocessing = 0;
		};
/* End PBXResourcesBuildPhase section */

/* Begin PBXSourcesBuildPhase section */
		F8F0DC4528BB7CDD001C34EC /* Sources */ = {
			isa = PBXSourcesBuildPhase;
			buildActionMask = 2147483647;
			files = (
				F89E1B7D28E2378000F22147 /* StaticJSONMapper.swift in Sources */,
				F8F0DC5C28BB7D46001C34EC /* Symbols.swift in Sources */,
				F89E1B7F28E382AA00F22147 /* PeopleView.swift in Sources */,
				F8F0DC5E28BB7F3B001C34EC /* Theme.swift in Sources */,
				F89E1B7528E2124C00F22147 /* UserDetailResponse.swift in Sources */,
				F8F0DC4D28BB7CDD001C34EC /* iOSTakeHomeProjectApp.swift in Sources */,
				F89E1B7728E2368F00F22147 /* UsersResponse.swift in Sources */,
				F89E1B7A28E2373300F22147 /* Models.swift in Sources */,
			);
			runOnlyForDeploymentPostprocessing = 0;
		};
/* End PBXSourcesBuildPhase section */

/* Begin XCBuildConfiguration section */
		F8F0DC5528BB7CE0001C34EC /* Debug */ = {
			isa = XCBuildConfiguration;
			buildSettings = {
				ALWAYS_SEARCH_USER_PATHS = NO;
				CLANG_ANALYZER_NONNULL = YES;
				CLANG_ANALYZER_NUMBER_OBJECT_CONVERSION = YES_AGGRESSIVE;
				CLANG_CXX_LANGUAGE_STANDARD = "gnu++17";
				CLANG_ENABLE_MODULES = YES;
				CLANG_ENABLE_OBJC_ARC = YES;
				CLANG_ENABLE_OBJC_WEAK = YES;
				CLANG_WARN_BLOCK_CAPTURE_AUTORELEASING = YES;
				CLANG_WARN_BOOL_CONVERSION = YES;
				CLANG_WARN_COMMA = YES;
				CLANG_WARN_CONSTANT_CONVERSION = YES;
				CLANG_WARN_DEPRECATED_OBJC_IMPLEMENTATIONS = YES;
				CLANG_WARN_DIRECT_OBJC_ISA_USAGE = YES_ERROR;
				CLANG_WARN_DOCUMENTATION_COMMENTS = YES;
				CLANG_WARN_EMPTY_BODY = YES;
				CLANG_WARN_ENUM_CONVERSION = YES;
				CLANG_WARN_INFINITE_RECURSION = YES;
				CLANG_WARN_INT_CONVERSION = YES;
				CLANG_WARN_NON_LITERAL_NULL_CONVERSION = YES;
				CLANG_WARN_OBJC_IMPLICIT_RETAIN_SELF = YES;
				CLANG_WARN_OBJC_LITERAL_CONVERSION = YES;
				CLANG_WARN_OBJC_ROOT_CLASS = YES_ERROR;
				CLANG_WARN_QUOTED_INCLUDE_IN_FRAMEWORK_HEADER = YES;
				CLANG_WARN_RANGE_LOOP_ANALYSIS = YES;
				CLANG_WARN_STRICT_PROTOTYPES = YES;
				CLANG_WARN_SUSPICIOUS_MOVE = YES;
				CLANG_WARN_UNGUARDED_AVAILABILITY = YES_AGGRESSIVE;
				CLANG_WARN_UNREACHABLE_CODE = YES;
				CLANG_WARN__DUPLICATE_METHOD_MATCH = YES;
				COPY_PHASE_STRIP = NO;
				DEBUG_INFORMATION_FORMAT = dwarf;
				ENABLE_STRICT_OBJC_MSGSEND = YES;
				ENABLE_TESTABILITY = YES;
				GCC_C_LANGUAGE_STANDARD = gnu11;
				GCC_DYNAMIC_NO_PIC = NO;
				GCC_NO_COMMON_BLOCKS = YES;
				GCC_OPTIMIZATION_LEVEL = 0;
				GCC_PREPROCESSOR_DEFINITIONS = (
					"DEBUG=1",
					"$(inherited)",
				);
				GCC_WARN_64_TO_32_BIT_CONVERSION = YES;
				GCC_WARN_ABOUT_RETURN_TYPE = YES_ERROR;
				GCC_WARN_UNDECLARED_SELECTOR = YES;
				GCC_WARN_UNINITIALIZED_AUTOS = YES_AGGRESSIVE;
				GCC_WARN_UNUSED_FUNCTION = YES;
				GCC_WARN_UNUSED_VARIABLE = YES;
				IPHONEOS_DEPLOYMENT_TARGET = 15.5;
				MTL_ENABLE_DEBUG_INFO = INCLUDE_SOURCE;
				MTL_FAST_MATH = YES;
				ONLY_ACTIVE_ARCH = YES;
				SDKROOT = iphoneos;
				SWIFT_ACTIVE_COMPILATION_CONDITIONS = DEBUG;
				SWIFT_OPTIMIZATION_LEVEL = "-Onone";
			};
			name = Debug;
		};
		F8F0DC5628BB7CE0001C34EC /* Release */ = {
			isa = XCBuildConfiguration;
			buildSettings = {
				ALWAYS_SEARCH_USER_PATHS = NO;
				CLANG_ANALYZER_NONNULL = YES;
				CLANG_ANALYZER_NUMBER_OBJECT_CONVERSION = YES_AGGRESSIVE;
				CLANG_CXX_LANGUAGE_STANDARD = "gnu++17";
				CLANG_ENABLE_MODULES = YES;
				CLANG_ENABLE_OBJC_ARC = YES;
				CLANG_ENABLE_OBJC_WEAK = YES;
				CLANG_WARN_BLOCK_CAPTURE_AUTORELEASING = YES;
				CLANG_WARN_BOOL_CONVERSION = YES;
				CLANG_WARN_COMMA = YES;
				CLANG_WARN_CONSTANT_CONVERSION = YES;
				CLANG_WARN_DEPRECATED_OBJC_IMPLEMENTATIONS = YES;
				CLANG_WARN_DIRECT_OBJC_ISA_USAGE = YES_ERROR;
				CLANG_WARN_DOCUMENTATION_COMMENTS = YES;
				CLANG_WARN_EMPTY_BODY = YES;
				CLANG_WARN_ENUM_CONVERSION = YES;
				CLANG_WARN_INFINITE_RECURSION = YES;
				CLANG_WARN_INT_CONVERSION = YES;
				CLANG_WARN_NON_LITERAL_NULL_CONVERSION = YES;
				CLANG_WARN_OBJC_IMPLICIT_RETAIN_SELF = YES;
				CLANG_WARN_OBJC_LITERAL_CONVERSION = YES;
				CLANG_WARN_OBJC_ROOT_CLASS = YES_ERROR;
				CLANG_WARN_QUOTED_INCLUDE_IN_FRAMEWORK_HEADER = YES;
				CLANG_WARN_RANGE_LOOP_ANALYSIS = YES;
				CLANG_WARN_STRICT_PROTOTYPES = YES;
				CLANG_WARN_SUSPICIOUS_MOVE = YES;
				CLANG_WARN_UNGUARDED_AVAILABILITY = YES_AGGRESSIVE;
				CLANG_WARN_UNREACHABLE_CODE = YES;
				CLANG_WARN__DUPLICATE_METHOD_MATCH = YES;
				COPY_PHASE_STRIP = NO;
				DEBUG_INFORMATION_FORMAT = "dwarf-with-dsym";
				ENABLE_NS_ASSERTIONS = NO;
				ENABLE_STRICT_OBJC_MSGSEND = YES;
				GCC_C_LANGUAGE_STANDARD = gnu11;
				GCC_NO_COMMON_BLOCKS = YES;
				GCC_WARN_64_TO_32_BIT_CONVERSION = YES;
				GCC_WARN_ABOUT_RETURN_TYPE = YES_ERROR;
				GCC_WARN_UNDECLARED_SELECTOR = YES;
				GCC_WARN_UNINITIALIZED_AUTOS = YES_AGGRESSIVE;
				GCC_WARN_UNUSED_FUNCTION = YES;
				GCC_WARN_UNUSED_VARIABLE = YES;
				IPHONEOS_DEPLOYMENT_TARGET = 15.5;
				MTL_ENABLE_DEBUG_INFO = NO;
				MTL_FAST_MATH = YES;
				SDKROOT = iphoneos;
				SWIFT_COMPILATION_MODE = wholemodule;
				SWIFT_OPTIMIZATION_LEVEL = "-O";
				VALIDATE_PRODUCT = YES;
			};
			name = Release;
		};
		F8F0DC5828BB7CE0001C34EC /* Debug */ = {
			isa = XCBuildConfiguration;
			buildSettings = {
				ASSETCATALOG_COMPILER_APPICON_NAME = AppIcon;
				ASSETCATALOG_COMPILER_GLOBAL_ACCENT_COLOR_NAME = AccentColor;
				CODE_SIGN_STYLE = Automatic;
				CURRENT_PROJECT_VERSION = 1;
				DEVELOPMENT_ASSET_PATHS = "\"iOSTakeHomeProject/Preview Content\"";
				DEVELOPMENT_TEAM = EKZMJ583Y3;
				ENABLE_PREVIEWS = YES;
				GENERATE_INFOPLIST_FILE = YES;
				INFOPLIST_FILE = iOSTakeHomeProject/Info.plist;
				INFOPLIST_KEY_UIApplicationSceneManifest_Generation = YES;
				INFOPLIST_KEY_UIApplicationSupportsIndirectInputEvents = YES;
				INFOPLIST_KEY_UISupportedInterfaceOrientations_iPad = "UIInterfaceOrientationPortrait UIInterfaceOrientationPortraitUpsideDown UIInterfaceOrientationLandscapeLeft UIInterfaceOrientationLandscapeRight";
				INFOPLIST_KEY_UISupportedInterfaceOrientations_iPhone = "UIInterfaceOrientationPortrait UIInterfaceOrientationLandscapeLeft UIInterfaceOrientationLandscapeRight";
				LD_RUNPATH_SEARCH_PATHS = (
					"$(inherited)",
					"@executable_path/Frameworks",
				);
				MARKETING_VERSION = 1.0;
				PRODUCT_BUNDLE_IDENTIFIER = com.CRG.iOSTakeHomeProject;
				PRODUCT_NAME = "$(TARGET_NAME)";
				SWIFT_EMIT_LOC_STRINGS = YES;
				SWIFT_VERSION = 5.0;
				TARGETED_DEVICE_FAMILY = "1,2";
			};
			name = Debug;
		};
		F8F0DC5928BB7CE0001C34EC /* Release */ = {
			isa = XCBuildConfiguration;
			buildSettings = {
				ASSETCATALOG_COMPILER_APPICON_NAME = AppIcon;
				ASSETCATALOG_COMPILER_GLOBAL_ACCENT_COLOR_NAME = AccentColor;
				CODE_SIGN_STYLE = Automatic;
				CURRENT_PROJECT_VERSION = 1;
				DEVELOPMENT_ASSET_PATHS = "\"iOSTakeHomeProject/Preview Content\"";
				DEVELOPMENT_TEAM = EKZMJ583Y3;
				ENABLE_PREVIEWS = YES;
				GENERATE_INFOPLIST_FILE = YES;
				INFOPLIST_FILE = iOSTakeHomeProject/Info.plist;
				INFOPLIST_KEY_UIApplicationSceneManifest_Generation = YES;
				INFOPLIST_KEY_UIApplicationSupportsIndirectInputEvents = YES;
				INFOPLIST_KEY_UISupportedInterfaceOrientations_iPad = "UIInterfaceOrientationPortrait UIInterfaceOrientationPortraitUpsideDown UIInterfaceOrientationLandscapeLeft UIInterfaceOrientationLandscapeRight";
				INFOPLIST_KEY_UISupportedInterfaceOrientations_iPhone = "UIInterfaceOrientationPortrait UIInterfaceOrientationLandscapeLeft UIInterfaceOrientationLandscapeRight";
				LD_RUNPATH_SEARCH_PATHS = (
					"$(inherited)",
					"@executable_path/Frameworks",
				);
				MARKETING_VERSION = 1.0;
				PRODUCT_BUNDLE_IDENTIFIER = com.CRG.iOSTakeHomeProject;
				PRODUCT_NAME = "$(TARGET_NAME)";
				SWIFT_EMIT_LOC_STRINGS = YES;
				SWIFT_VERSION = 5.0;
				TARGETED_DEVICE_FAMILY = "1,2";
			};
			name = Release;
		};
/* End XCBuildConfiguration section */

/* Begin XCConfigurationList section */
		F8F0DC4428BB7CDD001C34EC /* Build configuration list for PBXProject "iOSTakeHomeProject" */ = {
			isa = XCConfigurationList;
			buildConfigurations = (
				F8F0DC5528BB7CE0001C34EC /* Debug */,
				F8F0DC5628BB7CE0001C34EC /* Release */,
			);
			defaultConfigurationIsVisible = 0;
			defaultConfigurationName = Release;
		};
		F8F0DC5728BB7CE0001C34EC /* Build configuration list for PBXNativeTarget "iOSTakeHomeProject" */ = {
			isa = XCConfigurationList;
			buildConfigurations = (
				F8F0DC5828BB7CE0001C34EC /* Debug */,
				F8F0DC5928BB7CE0001C34EC /* Release */,
			);
			defaultConfigurationIsVisible = 0;
			defaultConfigurationName = Release;
		};
/* End XCConfigurationList section */
	};
	rootObject = F8F0DC4128BB7CDD001C34EC /* Project object */;
}
