// !$*UTF8*$!
{
	archiveVersion = 1;
	classes = {
	};
	objectVersion = 55;
	objects = {

/* Begin PBXBuildFile section */
		F80BD19A2A62C67A00469DDD /* NewPerson.swift in Sources */ = {isa = PBXBuildFile; fileRef = F80BD1992A62C67A00469DDD /* NewPerson.swift */; };
		F80BD19C2A62C6EC00469DDD /* CreateViewModel.swift in Sources */ = {isa = PBXBuildFile; fileRef = F80BD19B2A62C6EC00469DDD /* CreateViewModel.swift */; };
		F80BD19E2A6423AB00469DDD /* CheckmarkPopoverView.swift in Sources */ = {isa = PBXBuildFile; fileRef = F80BD19D2A6423AB00469DDD /* CheckmarkPopoverView.swift */; };
		F80BD1A32A642CF700469DDD /* CreateValidator.swift in Sources */ = {isa = PBXBuildFile; fileRef = F80BD1A22A642CF700469DDD /* CreateValidator.swift */; };
		F80BD1A62A65A11A00469DDD /* HapticsManager.swift in Sources */ = {isa = PBXBuildFile; fileRef = F80BD1A52A65A11A00469DDD /* HapticsManager.swift */; };
		F80BD1A82A65A2F100469DDD /* SettingsView.swift in Sources */ = {isa = PBXBuildFile; fileRef = F80BD1A72A65A2F100469DDD /* SettingsView.swift */; };
		F80BD1AB2A65A46D00469DDD /* UserDefaults.swift in Sources */ = {isa = PBXBuildFile; fileRef = F80BD1AA2A65A46D00469DDD /* UserDefaults.swift */; };
		F80BD1AD2A693B1B00469DDD /* Endpoint.swift in Sources */ = {isa = PBXBuildFile; fileRef = F80BD1AC2A693B1B00469DDD /* Endpoint.swift */; };
		F80BD1BD2A6F0BA900469DDD /* JSONMapperTests.swift in Sources */ = {isa = PBXBuildFile; fileRef = F80BD1BC2A6F0BA900469DDD /* JSONMapperTests.swift */; };
		F86337F9295CC1F7009F2DD4 /* CreateView.swift in Sources */ = {isa = PBXBuildFile; fileRef = F86337F8295CC1F7009F2DD4 /* CreateView.swift */; };
		F86337FC295CDA42009F2DD4 /* NetworkManager.swift in Sources */ = {isa = PBXBuildFile; fileRef = F86337FB295CDA42009F2DD4 /* NetworkManager.swift */; };
		F86337FE295D329E009F2DD4 /* PeopleViewModel.swift in Sources */ = {isa = PBXBuildFile; fileRef = F86337FD295D329E009F2DD4 /* PeopleViewModel.swift */; };
		F8633800295DD51F009F2DD4 /* DetailViewModel.swift in Sources */ = {isa = PBXBuildFile; fileRef = F86337FF295DD51F009F2DD4 /* DetailViewModel.swift */; };
		F88C8ACB2A6F6F7C009F7AF7 /* CreateFormValidator.swift in Sources */ = {isa = PBXBuildFile; fileRef = F88C8ACA2A6F6F7C009F7AF7 /* CreateFormValidator.swift */; };
		F88C8ACF2A714A62009F7AF7 /* NetworkingEndpointTests.swift in Sources */ = {isa = PBXBuildFile; fileRef = F88C8ACE2A714A62009F7AF7 /* NetworkingEndpointTests.swift */; };
		F88C8AD22A7ADFDD009F7AF7 /* MockURLSessionProtocol.swift in Sources */ = {isa = PBXBuildFile; fileRef = F88C8AD12A7ADFDD009F7AF7 /* MockURLSessionProtocol.swift */; };
		F88C8AD52A7AE237009F7AF7 /* NetworkingManagerTests.swift in Sources */ = {isa = PBXBuildFile; fileRef = F88C8AD42A7AE237009F7AF7 /* NetworkingManagerTests.swift */; };
		F88C8AD82A7C5928009F7AF7 /* PeopleViewModelSuccessTests.swift in Sources */ = {isa = PBXBuildFile; fileRef = F88C8AD72A7C5928009F7AF7 /* PeopleViewModelSuccessTests.swift */; };
		F88C8ADA2A7C5AB1009F7AF7 /* NetworkingManagerUsersResponseSuccessMock.swift in Sources */ = {isa = PBXBuildFile; fileRef = F88C8AD92A7C5AB1009F7AF7 /* NetworkingManagerUsersResponseSuccessMock.swift */; };
		F88C8ADC2A7C7244009F7AF7 /* PeopleViewModelFailureTests.swift in Sources */ = {isa = PBXBuildFile; fileRef = F88C8ADB2A7C7244009F7AF7 /* PeopleViewModelFailureTests.swift */; };
		F88C8ADE2A7C7296009F7AF7 /* NetworkingManagerUsersResponseFailureMock.swift in Sources */ = {isa = PBXBuildFile; fileRef = F88C8ADD2A7C7296009F7AF7 /* NetworkingManagerUsersResponseFailureMock.swift */; };
		F88C8AE22A8248D4009F7AF7 /* NetworkingManagerUserDetailsResponseSuccessMock.swift in Sources */ = {isa = PBXBuildFile; fileRef = F88C8AE12A8248D4009F7AF7 /* NetworkingManagerUserDetailsResponseSuccessMock.swift */; };
		F88C8AE42A8249C8009F7AF7 /* NetworkingManagerUserDetailsResponseFailureMock.swift in Sources */ = {isa = PBXBuildFile; fileRef = F88C8AE32A8249C8009F7AF7 /* NetworkingManagerUserDetailsResponseFailureMock.swift */; };
		F88C8AE72A824A5E009F7AF7 /* DetailsViewModelSuccessTests.swift in Sources */ = {isa = PBXBuildFile; fileRef = F88C8AE62A824A5E009F7AF7 /* DetailsViewModelSuccessTests.swift */; };
		F88C8AE92A824E1C009F7AF7 /* DetailsViewModelFailureTests.swift in Sources */ = {isa = PBXBuildFile; fileRef = F88C8AE82A824E1B009F7AF7 /* DetailsViewModelFailureTests.swift */; };
		F89E1B7128E2114500F22147 /* UsersStaticData.json in Resources */ = {isa = PBXBuildFile; fileRef = F89E1B7028E2114500F22147 /* UsersStaticData.json */; };
		F89E1B7328E2119200F22147 /* SingleUserData.json in Resources */ = {isa = PBXBuildFile; fileRef = F89E1B7228E2119200F22147 /* SingleUserData.json */; };
		F89E1B7528E2124C00F22147 /* UserDetailResponse.swift in Sources */ = {isa = PBXBuildFile; fileRef = F89E1B7428E2124C00F22147 /* UserDetailResponse.swift */; };
		F89E1B7728E2368F00F22147 /* UsersResponse.swift in Sources */ = {isa = PBXBuildFile; fileRef = F89E1B7628E2368F00F22147 /* UsersResponse.swift */; };
		F89E1B7A28E2373300F22147 /* Models.swift in Sources */ = {isa = PBXBuildFile; fileRef = F89E1B7928E2373300F22147 /* Models.swift */; };
		F89E1B7D28E2378000F22147 /* StaticJSONMapper.swift in Sources */ = {isa = PBXBuildFile; fileRef = F89E1B7C28E2378000F22147 /* StaticJSONMapper.swift */; };
		F89E1B7F28E382AA00F22147 /* PeopleView.swift in Sources */ = {isa = PBXBuildFile; fileRef = F89E1B7E28E382AA00F22147 /* PeopleView.swift */; };
		F89E1B8128E38BE700F22147 /* PersonItemView.swift in Sources */ = {isa = PBXBuildFile; fileRef = F89E1B8028E38BE700F22147 /* PersonItemView.swift */; };
		F89E1B8428E38CB100F22147 /* PillView.swift in Sources */ = {isa = PBXBuildFile; fileRef = F89E1B8328E38CB100F22147 /* PillView.swift */; };
		F89E1B8628E4BCA600F22147 /* DetailView.swift in Sources */ = {isa = PBXBuildFile; fileRef = F89E1B8528E4BCA600F22147 /* DetailView.swift */; };
		F8F0DC4D28BB7CDD001C34EC /* iOSTakeHomeProjectApp.swift in Sources */ = {isa = PBXBuildFile; fileRef = F8F0DC4C28BB7CDD001C34EC /* iOSTakeHomeProjectApp.swift */; };
		F8F0DC5128BB7CE0001C34EC /* Assets.xcassets in Resources */ = {isa = PBXBuildFile; fileRef = F8F0DC5028BB7CE0001C34EC /* Assets.xcassets */; };
		F8F0DC5428BB7CE0001C34EC /* Preview Assets.xcassets in Resources */ = {isa = PBXBuildFile; fileRef = F8F0DC5328BB7CE0001C34EC /* Preview Assets.xcassets */; };
		F8F0DC5C28BB7D46001C34EC /* Symbols.swift in Sources */ = {isa = PBXBuildFile; fileRef = F8F0DC5B28BB7D46001C34EC /* Symbols.swift */; };
		F8F0DC5E28BB7F3B001C34EC /* Theme.swift in Sources */ = {isa = PBXBuildFile; fileRef = F8F0DC5D28BB7F3B001C34EC /* Theme.swift */; };
/* End PBXBuildFile section */

/* Begin PBXContainerItemProxy section */
		F80BD1B62A6F0B5600469DDD /* PBXContainerItemProxy */ = {
			isa = PBXContainerItemProxy;
			containerPortal = F8F0DC4128BB7CDD001C34EC /* Project object */;
			proxyType = 1;
			remoteGlobalIDString = F8F0DC4828BB7CDD001C34EC;
			remoteInfo = iOSTakeHomeProject;
		};
/* End PBXContainerItemProxy section */

/* Begin PBXFileReference section */
		F80BD1992A62C67A00469DDD /* NewPerson.swift */ = {isa = PBXFileReference; lastKnownFileType = sourcecode.swift; path = NewPerson.swift; sourceTree = "<group>"; };
		F80BD19B2A62C6EC00469DDD /* CreateViewModel.swift */ = {isa = PBXFileReference; lastKnownFileType = sourcecode.swift; path = CreateViewModel.swift; sourceTree = "<group>"; };
		F80BD19D2A6423AB00469DDD /* CheckmarkPopoverView.swift */ = {isa = PBXFileReference; lastKnownFileType = sourcecode.swift; path = CheckmarkPopoverView.swift; sourceTree = "<group>"; };
		F80BD1A22A642CF700469DDD /* CreateValidator.swift */ = {isa = PBXFileReference; lastKnownFileType = sourcecode.swift; path = CreateValidator.swift; sourceTree = "<group>"; };
		F80BD1A52A65A11A00469DDD /* HapticsManager.swift */ = {isa = PBXFileReference; lastKnownFileType = sourcecode.swift; path = HapticsManager.swift; sourceTree = "<group>"; };
		F80BD1A72A65A2F100469DDD /* SettingsView.swift */ = {isa = PBXFileReference; lastKnownFileType = sourcecode.swift; path = SettingsView.swift; sourceTree = "<group>"; };
		F80BD1AA2A65A46D00469DDD /* UserDefaults.swift */ = {isa = PBXFileReference; lastKnownFileType = sourcecode.swift; path = UserDefaults.swift; sourceTree = "<group>"; };
		F80BD1AC2A693B1B00469DDD /* Endpoint.swift */ = {isa = PBXFileReference; lastKnownFileType = sourcecode.swift; path = Endpoint.swift; sourceTree = "<group>"; };
		F80BD1B22A6F0B5600469DDD /* iOSTakeHomeProjectTests.xctest */ = {isa = PBXFileReference; explicitFileType = wrapper.cfbundle; includeInIndex = 0; path = iOSTakeHomeProjectTests.xctest; sourceTree = BUILT_PRODUCTS_DIR; };
		F80BD1BC2A6F0BA900469DDD /* JSONMapperTests.swift */ = {isa = PBXFileReference; lastKnownFileType = sourcecode.swift; path = JSONMapperTests.swift; sourceTree = "<group>"; };
		F86337F8295CC1F7009F2DD4 /* CreateView.swift */ = {isa = PBXFileReference; lastKnownFileType = sourcecode.swift; path = CreateView.swift; sourceTree = "<group>"; };
		F86337FB295CDA42009F2DD4 /* NetworkManager.swift */ = {isa = PBXFileReference; lastKnownFileType = sourcecode.swift; path = NetworkManager.swift; sourceTree = "<group>"; };
		F86337FD295D329E009F2DD4 /* PeopleViewModel.swift */ = {isa = PBXFileReference; lastKnownFileType = sourcecode.swift; path = PeopleViewModel.swift; sourceTree = "<group>"; };
		F86337FF295DD51F009F2DD4 /* DetailViewModel.swift */ = {isa = PBXFileReference; lastKnownFileType = sourcecode.swift; path = DetailViewModel.swift; sourceTree = "<group>"; };
		F88C8ACA2A6F6F7C009F7AF7 /* CreateFormValidator.swift */ = {isa = PBXFileReference; lastKnownFileType = sourcecode.swift; path = CreateFormValidator.swift; sourceTree = "<group>"; };
		F88C8ACE2A714A62009F7AF7 /* NetworkingEndpointTests.swift */ = {isa = PBXFileReference; lastKnownFileType = sourcecode.swift; path = NetworkingEndpointTests.swift; sourceTree = "<group>"; };
		F88C8AD12A7ADFDD009F7AF7 /* MockURLSessionProtocol.swift */ = {isa = PBXFileReference; lastKnownFileType = sourcecode.swift; path = MockURLSessionProtocol.swift; sourceTree = "<group>"; };
		F88C8AD42A7AE237009F7AF7 /* NetworkingManagerTests.swift */ = {isa = PBXFileReference; lastKnownFileType = sourcecode.swift; path = NetworkingManagerTests.swift; sourceTree = "<group>"; };
		F88C8AD72A7C5928009F7AF7 /* PeopleViewModelSuccessTests.swift */ = {isa = PBXFileReference; lastKnownFileType = sourcecode.swift; path = PeopleViewModelSuccessTests.swift; sourceTree = "<group>"; };
		F88C8AD92A7C5AB1009F7AF7 /* NetworkingManagerUsersResponseSuccessMock.swift */ = {isa = PBXFileReference; lastKnownFileType = sourcecode.swift; path = NetworkingManagerUsersResponseSuccessMock.swift; sourceTree = "<group>"; };
		F88C8ADB2A7C7244009F7AF7 /* PeopleViewModelFailureTests.swift */ = {isa = PBXFileReference; lastKnownFileType = sourcecode.swift; path = PeopleViewModelFailureTests.swift; sourceTree = "<group>"; };
		F88C8ADD2A7C7296009F7AF7 /* NetworkingManagerUsersResponseFailureMock.swift */ = {isa = PBXFileReference; lastKnownFileType = sourcecode.swift; path = NetworkingManagerUsersResponseFailureMock.swift; sourceTree = "<group>"; };
		F88C8AE12A8248D4009F7AF7 /* NetworkingManagerUserDetailsResponseSuccessMock.swift */ = {isa = PBXFileReference; lastKnownFileType = sourcecode.swift; path = NetworkingManagerUserDetailsResponseSuccessMock.swift; sourceTree = "<group>"; };
		F88C8AE32A8249C8009F7AF7 /* NetworkingManagerUserDetailsResponseFailureMock.swift */ = {isa = PBXFileReference; lastKnownFileType = sourcecode.swift; path = NetworkingManagerUserDetailsResponseFailureMock.swift; sourceTree = "<group>"; };
		F88C8AE62A824A5E009F7AF7 /* DetailsViewModelSuccessTests.swift */ = {isa = PBXFileReference; lastKnownFileType = sourcecode.swift; path = DetailsViewModelSuccessTests.swift; sourceTree = "<group>"; };
		F88C8AE82A824E1B009F7AF7 /* DetailsViewModelFailureTests.swift */ = {isa = PBXFileReference; lastKnownFileType = sourcecode.swift; path = DetailsViewModelFailureTests.swift; sourceTree = "<group>"; };
		F89E1B7028E2114500F22147 /* UsersStaticData.json */ = {isa = PBXFileReference; lastKnownFileType = text.json; path = UsersStaticData.json; sourceTree = "<group>"; };
		F89E1B7228E2119200F22147 /* SingleUserData.json */ = {isa = PBXFileReference; lastKnownFileType = text.json; path = SingleUserData.json; sourceTree = "<group>"; };
		F89E1B7428E2124C00F22147 /* UserDetailResponse.swift */ = {isa = PBXFileReference; lastKnownFileType = sourcecode.swift; path = UserDetailResponse.swift; sourceTree = "<group>"; };
		F89E1B7628E2368F00F22147 /* UsersResponse.swift */ = {isa = PBXFileReference; lastKnownFileType = sourcecode.swift; path = UsersResponse.swift; sourceTree = "<group>"; };
		F89E1B7928E2373300F22147 /* Models.swift */ = {isa = PBXFileReference; lastKnownFileType = sourcecode.swift; path = Models.swift; sourceTree = "<group>"; };
		F89E1B7C28E2378000F22147 /* StaticJSONMapper.swift */ = {isa = PBXFileReference; lastKnownFileType = sourcecode.swift; path = StaticJSONMapper.swift; sourceTree = "<group>"; };
		F89E1B7E28E382AA00F22147 /* PeopleView.swift */ = {isa = PBXFileReference; lastKnownFileType = sourcecode.swift; path = PeopleView.swift; sourceTree = "<group>"; };
		F89E1B8028E38BE700F22147 /* PersonItemView.swift */ = {isa = PBXFileReference; lastKnownFileType = sourcecode.swift; path = PersonItemView.swift; sourceTree = "<group>"; };
		F89E1B8328E38CB100F22147 /* PillView.swift */ = {isa = PBXFileReference; lastKnownFileType = sourcecode.swift; path = PillView.swift; sourceTree = "<group>"; };
		F89E1B8528E4BCA600F22147 /* DetailView.swift */ = {isa = PBXFileReference; lastKnownFileType = sourcecode.swift; path = DetailView.swift; sourceTree = "<group>"; };
		F8F0DC4928BB7CDD001C34EC /* iOSTakeHomeProject.app */ = {isa = PBXFileReference; explicitFileType = wrapper.application; includeInIndex = 0; path = iOSTakeHomeProject.app; sourceTree = BUILT_PRODUCTS_DIR; };
		F8F0DC4C28BB7CDD001C34EC /* iOSTakeHomeProjectApp.swift */ = {isa = PBXFileReference; lastKnownFileType = sourcecode.swift; path = iOSTakeHomeProjectApp.swift; sourceTree = "<group>"; };
		F8F0DC5028BB7CE0001C34EC /* Assets.xcassets */ = {isa = PBXFileReference; lastKnownFileType = folder.assetcatalog; path = Assets.xcassets; sourceTree = "<group>"; };
		F8F0DC5328BB7CE0001C34EC /* Preview Assets.xcassets */ = {isa = PBXFileReference; lastKnownFileType = folder.assetcatalog; path = "Preview Assets.xcassets"; sourceTree = "<group>"; };
		F8F0DC5B28BB7D46001C34EC /* Symbols.swift */ = {isa = PBXFileReference; lastKnownFileType = sourcecode.swift; path = Symbols.swift; sourceTree = "<group>"; };
		F8F0DC5D28BB7F3B001C34EC /* Theme.swift */ = {isa = PBXFileReference; lastKnownFileType = sourcecode.swift; path = Theme.swift; sourceTree = "<group>"; };
		F8F0DC7128BB879A001C34EC /* Info.plist */ = {isa = PBXFileReference; lastKnownFileType = text.plist; path = Info.plist; sourceTree = "<group>"; };
/* End PBXFileReference section */

/* Begin PBXFrameworksBuildPhase section */
		F80BD1AF2A6F0B5600469DDD /* Frameworks */ = {
			isa = PBXFrameworksBuildPhase;
			buildActionMask = 2147483647;
			files = (
			);
			runOnlyForDeploymentPostprocessing = 0;
		};
		F8F0DC4628BB7CDD001C34EC /* Frameworks */ = {
			isa = PBXFrameworksBuildPhase;
			buildActionMask = 2147483647;
			files = (
			);
			runOnlyForDeploymentPostprocessing = 0;
		};
/* End PBXFrameworksBuildPhase section */

/* Begin PBXGroup section */
		F80BD19F2A642CA300469DDD /* Validator */ = {
			isa = PBXGroup;
			children = (
				F80BD1A22A642CF700469DDD /* CreateValidator.swift */,
			);
			path = Validator;
			sourceTree = "<group>";
		};
		F80BD1A42A65A10000469DDD /* Haptics */ = {
			isa = PBXGroup;
			children = (
				F80BD1A52A65A11A00469DDD /* HapticsManager.swift */,
			);
			path = Haptics;
			sourceTree = "<group>";
		};
		F80BD1A92A65A45200469DDD /* UserDefaults */ = {
			isa = PBXGroup;
			children = (
				F80BD1AA2A65A46D00469DDD /* UserDefaults.swift */,
			);
			path = UserDefaults;
			sourceTree = "<group>";
		};
		F80BD1B32A6F0B5600469DDD /* iOSTakeHomeProjectTests */ = {
			isa = PBXGroup;
			children = (
				F88C8AE52A824A2D009F7AF7 /* Details */,
				F88C8AD62A7C58FC009F7AF7 /* People */,
				F88C8ACC2A714A27009F7AF7 /* Networking */,
				F88C8AC92A6F6F3F009F7AF7 /* Form */,
				F80BD1BB2A6F0B7700469DDD /* Mapper */,
			);
			path = iOSTakeHomeProjectTests;
			sourceTree = "<group>";
		};
		F80BD1BB2A6F0B7700469DDD /* Mapper */ = {
			isa = PBXGroup;
			children = (
				F80BD1BC2A6F0BA900469DDD /* JSONMapperTests.swift */,
			);
			path = Mapper;
			sourceTree = "<group>";
		};
		F86337FA295CDA22009F2DD4 /* API */ = {
			isa = PBXGroup;
			children = (
				F86337FB295CDA42009F2DD4 /* NetworkManager.swift */,
				F80BD1AC2A693B1B00469DDD /* Endpoint.swift */,
			);
			path = API;
			sourceTree = "<group>";
		};
		F88C8AC92A6F6F3F009F7AF7 /* Form */ = {
			isa = PBXGroup;
			children = (
				F88C8ACA2A6F6F7C009F7AF7 /* CreateFormValidator.swift */,
			);
			path = Form;
			sourceTree = "<group>";
		};
		F88C8ACC2A714A27009F7AF7 /* Networking */ = {
			isa = PBXGroup;
			children = (
				F88C8AD32A7AE20C009F7AF7 /* NetworkingManager */,
				F88C8AD02A7ADF98009F7AF7 /* Mocks */,
				F88C8ACD2A714A32009F7AF7 /* Endpoint */,
			);
			path = Networking;
			sourceTree = "<group>";
		};
		F88C8ACD2A714A32009F7AF7 /* Endpoint */ = {
			isa = PBXGroup;
			children = (
				F88C8ACE2A714A62009F7AF7 /* NetworkingEndpointTests.swift */,
			);
			path = Endpoint;
			sourceTree = "<group>";
		};
		F88C8AD02A7ADF98009F7AF7 /* Mocks */ = {
			isa = PBXGroup;
			children = (
				F88C8AE02A824899009F7AF7 /* UserDetails */,
				F88C8AD12A7ADFDD009F7AF7 /* MockURLSessionProtocol.swift */,
				F88C8ADF2A824886009F7AF7 /* UsersResponse */,
			);
			path = Mocks;
			sourceTree = "<group>";
		};
		F88C8AD32A7AE20C009F7AF7 /* NetworkingManager */ = {
			isa = PBXGroup;
			children = (
				F88C8AD42A7AE237009F7AF7 /* NetworkingManagerTests.swift */,
			);
			path = NetworkingManager;
			sourceTree = "<group>";
		};
		F88C8AD62A7C58FC009F7AF7 /* People */ = {
			isa = PBXGroup;
			children = (
				F88C8AD72A7C5928009F7AF7 /* PeopleViewModelSuccessTests.swift */,
				F88C8ADB2A7C7244009F7AF7 /* PeopleViewModelFailureTests.swift */,
			);
			path = People;
			sourceTree = "<group>";
		};
		F88C8ADF2A824886009F7AF7 /* UsersResponse */ = {
			isa = PBXGroup;
			children = (
				F88C8AD92A7C5AB1009F7AF7 /* NetworkingManagerUsersResponseSuccessMock.swift */,
				F88C8ADD2A7C7296009F7AF7 /* NetworkingManagerUsersResponseFailureMock.swift */,
			);
			path = UsersResponse;
			sourceTree = "<group>";
		};
		F88C8AE02A824899009F7AF7 /* UserDetails */ = {
			isa = PBXGroup;
			children = (
				F88C8AE12A8248D4009F7AF7 /* NetworkingManagerUserDetailsResponseSuccessMock.swift */,
				F88C8AE32A8249C8009F7AF7 /* NetworkingManagerUserDetailsResponseFailureMock.swift */,
			);
			path = UserDetails;
			sourceTree = "<group>";
		};
		F88C8AE52A824A2D009F7AF7 /* Details */ = {
			isa = PBXGroup;
			children = (
				F88C8AE62A824A5E009F7AF7 /* DetailsViewModelSuccessTests.swift */,
				F88C8AE82A824E1B009F7AF7 /* DetailsViewModelFailureTests.swift */,
			);
			path = Details;
			sourceTree = "<group>";
		};
		F89E1B6F28E210FD00F22147 /* JSON */ = {
			isa = PBXGroup;
			children = (
				F89E1B7028E2114500F22147 /* UsersStaticData.json */,
				F89E1B7228E2119200F22147 /* SingleUserData.json */,
			);
			path = JSON;
			sourceTree = "<group>";
		};
		F89E1B7828E2371F00F22147 /* Model */ = {
			isa = PBXGroup;
			children = (
				F89E1B7928E2373300F22147 /* Models.swift */,
			);
			path = Model;
			sourceTree = "<group>";
		};
		F89E1B7B28E2376800F22147 /* Mapper */ = {
			isa = PBXGroup;
			children = (
				F89E1B7C28E2378000F22147 /* StaticJSONMapper.swift */,
			);
			path = Mapper;
			sourceTree = "<group>";
		};
		F89E1B8228E38C9E00F22147 /* Views */ = {
			isa = PBXGroup;
			children = (
				F89E1B8328E38CB100F22147 /* PillView.swift */,
				F80BD19D2A6423AB00469DDD /* CheckmarkPopoverView.swift */,
			);
			path = Views;
			sourceTree = "<group>";
		};
		F8F0DC4028BB7CDD001C34EC = {
			isa = PBXGroup;
			children = (
				F8F0DC4B28BB7CDD001C34EC /* iOSTakeHomeProject */,
				F80BD1B32A6F0B5600469DDD /* iOSTakeHomeProjectTests */,
				F8F0DC4A28BB7CDD001C34EC /* Products */,
			);
			sourceTree = "<group>";
		};
		F8F0DC4A28BB7CDD001C34EC /* Products */ = {
			isa = PBXGroup;
			children = (
				F8F0DC4928BB7CDD001C34EC /* iOSTakeHomeProject.app */,
				F80BD1B22A6F0B5600469DDD /* iOSTakeHomeProjectTests.xctest */,
			);
			name = Products;
			sourceTree = "<group>";
		};
		F8F0DC4B28BB7CDD001C34EC /* iOSTakeHomeProject */ = {
			isa = PBXGroup;
			children = (
				F8F0DC7128BB879A001C34EC /* Info.plist */,
				F8F0DC6028BB8254001C34EC /* Features */,
				F8F0DC5F28BB8248001C34EC /* Base */,
				F8F0DC5A28BB7CF3001C34EC /* Resources */,
				F8F0DC4C28BB7CDD001C34EC /* iOSTakeHomeProjectApp.swift */,
				F8F0DC5028BB7CE0001C34EC /* Assets.xcassets */,
				F8F0DC5228BB7CE0001C34EC /* Preview Content */,
			);
			path = iOSTakeHomeProject;
			sourceTree = "<group>";
		};
		F8F0DC5228BB7CE0001C34EC /* Preview Content */ = {
			isa = PBXGroup;
			children = (
				F8F0DC5328BB7CE0001C34EC /* Preview Assets.xcassets */,
			);
			path = "Preview Content";
			sourceTree = "<group>";
		};
		F8F0DC5A28BB7CF3001C34EC /* Resources */ = {
			isa = PBXGroup;
			children = (
				F89E1B6F28E210FD00F22147 /* JSON */,
				F8F0DC5B28BB7D46001C34EC /* Symbols.swift */,
				F8F0DC5D28BB7F3B001C34EC /* Theme.swift */,
			);
			path = Resources;
			sourceTree = "<group>";
		};
		F8F0DC5F28BB8248001C34EC /* Base */ = {
			isa = PBXGroup;
			children = (
				F80BD1A92A65A45200469DDD /* UserDefaults */,
				F80BD1A42A65A10000469DDD /* Haptics */,
				F86337FA295CDA22009F2DD4 /* API */,
				F89E1B8228E38C9E00F22147 /* Views */,
				F89E1B7B28E2376800F22147 /* Mapper */,
				F89E1B7828E2371F00F22147 /* Model */,
			);
			path = Base;
			sourceTree = "<group>";
		};
		F8F0DC6028BB8254001C34EC /* Features */ = {
			isa = PBXGroup;
			children = (
				F8F0DC6428BB827A001C34EC /* Settings */,
				F8F0DC6328BB8271001C34EC /* Detail */,
				F8F0DC6128BB825E001C34EC /* Create */,
				F8F0DC6228BB8267001C34EC /* People */,
			);
			path = Features;
			sourceTree = "<group>";
		};
		F8F0DC6128BB825E001C34EC /* Create */ = {
			isa = PBXGroup;
			children = (
				F80BD19F2A642CA300469DDD /* Validator */,
				F8F0DC6A28BB82DD001C34EC /* Model */,
				F8F0DC6928BB82D4001C34EC /* View Models */,
				F8F0DC6828BB82CE001C34EC /* Views */,
			);
			path = Create;
			sourceTree = "<group>";
		};
		F8F0DC6228BB8267001C34EC /* People */ = {
			isa = PBXGroup;
			children = (
				F8F0DC6628BB8292001C34EC /* Model */,
				F8F0DC6528BB8288001C34EC /* View Models */,
				F8F0DC6728BB829A001C34EC /* Views */,
			);
			path = People;
			sourceTree = "<group>";
		};
		F8F0DC6328BB8271001C34EC /* Detail */ = {
			isa = PBXGroup;
			children = (
				F8F0DC6D28BB82F6001C34EC /* Model */,
				F8F0DC6C28BB82EC001C34EC /* View Models */,
				F8F0DC6B28BB82E5001C34EC /* Views */,
			);
			path = Detail;
			sourceTree = "<group>";
		};
		F8F0DC6428BB827A001C34EC /* Settings */ = {
			isa = PBXGroup;
			children = (
				F8F0DC6E28BB82FE001C34EC /* Views */,
			);
			path = Settings;
			sourceTree = "<group>";
		};
		F8F0DC6528BB8288001C34EC /* View Models */ = {
			isa = PBXGroup;
			children = (
				F86337FD295D329E009F2DD4 /* PeopleViewModel.swift */,
			);
			path = "View Models";
			sourceTree = "<group>";
		};
		F8F0DC6628BB8292001C34EC /* Model */ = {
			isa = PBXGroup;
			children = (
				F89E1B7628E2368F00F22147 /* UsersResponse.swift */,
			);
			path = Model;
			sourceTree = "<group>";
		};
		F8F0DC6728BB829A001C34EC /* Views */ = {
			isa = PBXGroup;
			children = (
				F89E1B7E28E382AA00F22147 /* PeopleView.swift */,
				F89E1B8028E38BE700F22147 /* PersonItemView.swift */,
			);
			path = Views;
			sourceTree = "<group>";
		};
		F8F0DC6828BB82CE001C34EC /* Views */ = {
			isa = PBXGroup;
			children = (
				F86337F8295CC1F7009F2DD4 /* CreateView.swift */,
			);
			path = Views;
			sourceTree = "<group>";
		};
		F8F0DC6928BB82D4001C34EC /* View Models */ = {
			isa = PBXGroup;
			children = (
				F80BD19B2A62C6EC00469DDD /* CreateViewModel.swift */,
			);
			path = "View Models";
			sourceTree = "<group>";
		};
		F8F0DC6A28BB82DD001C34EC /* Model */ = {
			isa = PBXGroup;
			children = (
				F80BD1992A62C67A00469DDD /* NewPerson.swift */,
			);
			path = Model;
			sourceTree = "<group>";
		};
		F8F0DC6B28BB82E5001C34EC /* Views */ = {
			isa = PBXGroup;
			children = (
				F89E1B8528E4BCA600F22147 /* DetailView.swift */,
			);
			path = Views;
			sourceTree = "<group>";
		};
		F8F0DC6C28BB82EC001C34EC /* View Models */ = {
			isa = PBXGroup;
			children = (
				F86337FF295DD51F009F2DD4 /* DetailViewModel.swift */,
			);
			path = "View Models";
			sourceTree = "<group>";
		};
		F8F0DC6D28BB82F6001C34EC /* Model */ = {
			isa = PBXGroup;
			children = (
				F89E1B7428E2124C00F22147 /* UserDetailResponse.swift */,
			);
			path = Model;
			sourceTree = "<group>";
		};
		F8F0DC6E28BB82FE001C34EC /* Views */ = {
			isa = PBXGroup;
			children = (
				F80BD1A72A65A2F100469DDD /* SettingsView.swift */,
			);
			path = Views;
			sourceTree = "<group>";
		};
/* End PBXGroup section */

/* Begin PBXNativeTarget section */
		F80BD1B12A6F0B5600469DDD /* iOSTakeHomeProjectTests */ = {
			isa = PBXNativeTarget;
			buildConfigurationList = F80BD1B82A6F0B5600469DDD /* Build configuration list for PBXNativeTarget "iOSTakeHomeProjectTests" */;
			buildPhases = (
				F80BD1AE2A6F0B5600469DDD /* Sources */,
				F80BD1AF2A6F0B5600469DDD /* Frameworks */,
				F80BD1B02A6F0B5600469DDD /* Resources */,
			);
			buildRules = (
			);
			dependencies = (
				F80BD1B72A6F0B5600469DDD /* PBXTargetDependency */,
			);
			name = iOSTakeHomeProjectTests;
			productName = iOSTakeHomeProjectTests;
			productReference = F80BD1B22A6F0B5600469DDD /* iOSTakeHomeProjectTests.xctest */;
			productType = "com.apple.product-type.bundle.unit-test";
		};
		F8F0DC4828BB7CDD001C34EC /* iOSTakeHomeProject */ = {
			isa = PBXNativeTarget;
			buildConfigurationList = F8F0DC5728BB7CE0001C34EC /* Build configuration list for PBXNativeTarget "iOSTakeHomeProject" */;
			buildPhases = (
				F8F0DC4528BB7CDD001C34EC /* Sources */,
				F8F0DC4628BB7CDD001C34EC /* Frameworks */,
				F8F0DC4728BB7CDD001C34EC /* Resources */,
			);
			buildRules = (
			);
			dependencies = (
			);
			name = iOSTakeHomeProject;
			productName = iOSTakeHomeProject;
			productReference = F8F0DC4928BB7CDD001C34EC /* iOSTakeHomeProject.app */;
			productType = "com.apple.product-type.application";
		};
/* End PBXNativeTarget section */

/* Begin PBXProject section */
		F8F0DC4128BB7CDD001C34EC /* Project object */ = {
			isa = PBXProject;
			attributes = {
				BuildIndependentTargetsInParallel = 1;
				LastSwiftUpdateCheck = 1430;
				LastUpgradeCheck = 1340;
				TargetAttributes = {
					F80BD1B12A6F0B5600469DDD = {
						CreatedOnToolsVersion = 14.3.1;
						TestTargetID = F8F0DC4828BB7CDD001C34EC;
					};
					F8F0DC4828BB7CDD001C34EC = {
						CreatedOnToolsVersion = 13.4.1;
					};
				};
			};
			buildConfigurationList = F8F0DC4428BB7CDD001C34EC /* Build configuration list for PBXProject "iOSTakeHomeProject" */;
			compatibilityVersion = "Xcode 13.0";
			developmentRegion = en;
			hasScannedForEncodings = 0;
			knownRegions = (
				en,
				Base,
			);
			mainGroup = F8F0DC4028BB7CDD001C34EC;
			productRefGroup = F8F0DC4A28BB7CDD001C34EC /* Products */;
			projectDirPath = "";
			projectRoot = "";
			targets = (
				F8F0DC4828BB7CDD001C34EC /* iOSTakeHomeProject */,
				F80BD1B12A6F0B5600469DDD /* iOSTakeHomeProjectTests */,
			);
		};
/* End PBXProject section */

/* Begin PBXResourcesBuildPhase section */
		F80BD1B02A6F0B5600469DDD /* Resources */ = {
			isa = PBXResourcesBuildPhase;
			buildActionMask = 2147483647;
			files = (
			);
			runOnlyForDeploymentPostprocessing = 0;
		};
		F8F0DC4728BB7CDD001C34EC /* Resources */ = {
			isa = PBXResourcesBuildPhase;
			buildActionMask = 2147483647;
			files = (
				F8F0DC5428BB7CE0001C34EC /* Preview Assets.xcassets in Resources */,
				F8F0DC5128BB7CE0001C34EC /* Assets.xcassets in Resources */,
				F89E1B7328E2119200F22147 /* SingleUserData.json in Resources */,
				F89E1B7128E2114500F22147 /* UsersStaticData.json in Resources */,
			);
			runOnlyForDeploymentPostprocessing = 0;
		};
/* End PBXResourcesBuildPhase section */

/* Begin PBXSourcesBuildPhase section */
		F80BD1AE2A6F0B5600469DDD /* Sources */ = {
			isa = PBXSourcesBuildPhase;
			buildActionMask = 2147483647;
			files = (
				F88C8ADC2A7C7244009F7AF7 /* PeopleViewModelFailureTests.swift in Sources */,
				F88C8AD52A7AE237009F7AF7 /* NetworkingManagerTests.swift in Sources */,
				F88C8AE92A824E1C009F7AF7 /* DetailsViewModelFailureTests.swift in Sources */,
				F88C8AE22A8248D4009F7AF7 /* NetworkingManagerUserDetailsResponseSuccessMock.swift in Sources */,
				F88C8ACB2A6F6F7C009F7AF7 /* CreateFormValidator.swift in Sources */,
				F80BD1BD2A6F0BA900469DDD /* JSONMapperTests.swift in Sources */,
				F88C8ADA2A7C5AB1009F7AF7 /* NetworkingManagerUsersResponseSuccessMock.swift in Sources */,
				F88C8AD82A7C5928009F7AF7 /* PeopleViewModelSuccessTests.swift in Sources */,
				F88C8AE72A824A5E009F7AF7 /* DetailsViewModelSuccessTests.swift in Sources */,
				F88C8AD22A7ADFDD009F7AF7 /* MockURLSessionProtocol.swift in Sources */,
				F88C8AE42A8249C8009F7AF7 /* NetworkingManagerUserDetailsResponseFailureMock.swift in Sources */,
				F88C8ACF2A714A62009F7AF7 /* NetworkingEndpointTests.swift in Sources */,
				F88C8ADE2A7C7296009F7AF7 /* NetworkingManagerUsersResponseFailureMock.swift in Sources */,
			);
			runOnlyForDeploymentPostprocessing = 0;
		};
		F8F0DC4528BB7CDD001C34EC /* Sources */ = {
			isa = PBXSourcesBuildPhase;
			buildActionMask = 2147483647;
			files = (
				F80BD1A82A65A2F100469DDD /* SettingsView.swift in Sources */,
				F80BD19E2A6423AB00469DDD /* CheckmarkPopoverView.swift in Sources */,
				F89E1B7D28E2378000F22147 /* StaticJSONMapper.swift in Sources */,
				F89E1B8428E38CB100F22147 /* PillView.swift in Sources */,
				F8F0DC5C28BB7D46001C34EC /* Symbols.swift in Sources */,
				F80BD19C2A62C6EC00469DDD /* CreateViewModel.swift in Sources */,
				F86337FC295CDA42009F2DD4 /* NetworkManager.swift in Sources */,
				F89E1B7F28E382AA00F22147 /* PeopleView.swift in Sources */,
				F8F0DC5E28BB7F3B001C34EC /* Theme.swift in Sources */,
				F89E1B8628E4BCA600F22147 /* DetailView.swift in Sources */,
				F89E1B7528E2124C00F22147 /* UserDetailResponse.swift in Sources */,
				F8F0DC4D28BB7CDD001C34EC /* iOSTakeHomeProjectApp.swift in Sources */,
				F89E1B7728E2368F00F22147 /* UsersResponse.swift in Sources */,
				F89E1B8128E38BE700F22147 /* PersonItemView.swift in Sources */,
				F80BD1AB2A65A46D00469DDD /* UserDefaults.swift in Sources */,
				F80BD19A2A62C67A00469DDD /* NewPerson.swift in Sources */,
				F86337FE295D329E009F2DD4 /* PeopleViewModel.swift in Sources */,
				F86337F9295CC1F7009F2DD4 /* CreateView.swift in Sources */,
				F80BD1A32A642CF700469DDD /* CreateValidator.swift in Sources */,
				F8633800295DD51F009F2DD4 /* DetailViewModel.swift in Sources */,
				F80BD1AD2A693B1B00469DDD /* Endpoint.swift in Sources */,
				F80BD1A62A65A11A00469DDD /* HapticsManager.swift in Sources */,
				F89E1B7A28E2373300F22147 /* Models.swift in Sources */,
			);
			runOnlyForDeploymentPostprocessing = 0;
		};
/* End PBXSourcesBuildPhase section */

/* Begin PBXTargetDependency section */
		F80BD1B72A6F0B5600469DDD /* PBXTargetDependency */ = {
			isa = PBXTargetDependency;
			target = F8F0DC4828BB7CDD001C34EC /* iOSTakeHomeProject */;
			targetProxy = F80BD1B62A6F0B5600469DDD /* PBXContainerItemProxy */;
		};
/* End PBXTargetDependency section */

/* Begin XCBuildConfiguration section */
		F80BD1B92A6F0B5600469DDD /* Debug */ = {
			isa = XCBuildConfiguration;
			buildSettings = {
				BUNDLE_LOADER = "$(TEST_HOST)";
				CLANG_CXX_LANGUAGE_STANDARD = "gnu++20";
				CODE_SIGN_STYLE = Automatic;
				CURRENT_PROJECT_VERSION = 1;
				DEVELOPMENT_TEAM = EKZMJ583Y3;
				GENERATE_INFOPLIST_FILE = YES;
				IPHONEOS_DEPLOYMENT_TARGET = 16.4;
				MARKETING_VERSION = 1.0;
				PRODUCT_BUNDLE_IDENTIFIER = com.CRG.iOSTakeHomeProjectTests;
				PRODUCT_NAME = "$(TARGET_NAME)";
				SWIFT_EMIT_LOC_STRINGS = NO;
				SWIFT_VERSION = 5.0;
				TARGETED_DEVICE_FAMILY = "1,2";
				TEST_HOST = "$(BUILT_PRODUCTS_DIR)/iOSTakeHomeProject.app/$(BUNDLE_EXECUTABLE_FOLDER_PATH)/iOSTakeHomeProject";
			};
			name = Debug;
		};
		F80BD1BA2A6F0B5600469DDD /* Release */ = {
			isa = XCBuildConfiguration;
			buildSettings = {
				BUNDLE_LOADER = "$(TEST_HOST)";
				CLANG_CXX_LANGUAGE_STANDARD = "gnu++20";
				CODE_SIGN_STYLE = Automatic;
				CURRENT_PROJECT_VERSION = 1;
				DEVELOPMENT_TEAM = EKZMJ583Y3;
				GENERATE_INFOPLIST_FILE = YES;
				IPHONEOS_DEPLOYMENT_TARGET = 16.4;
				MARKETING_VERSION = 1.0;
				PRODUCT_BUNDLE_IDENTIFIER = com.CRG.iOSTakeHomeProjectTests;
				PRODUCT_NAME = "$(TARGET_NAME)";
				SWIFT_EMIT_LOC_STRINGS = NO;
				SWIFT_VERSION = 5.0;
				TARGETED_DEVICE_FAMILY = "1,2";
				TEST_HOST = "$(BUILT_PRODUCTS_DIR)/iOSTakeHomeProject.app/$(BUNDLE_EXECUTABLE_FOLDER_PATH)/iOSTakeHomeProject";
			};
			name = Release;
		};
		F8F0DC5528BB7CE0001C34EC /* Debug */ = {
			isa = XCBuildConfiguration;
			buildSettings = {
				ALWAYS_SEARCH_USER_PATHS = NO;
				CLANG_ANALYZER_NONNULL = YES;
				CLANG_ANALYZER_NUMBER_OBJECT_CONVERSION = YES_AGGRESSIVE;
				CLANG_CXX_LANGUAGE_STANDARD = "gnu++17";
				CLANG_ENABLE_MODULES = YES;
				CLANG_ENABLE_OBJC_ARC = YES;
				CLANG_ENABLE_OBJC_WEAK = YES;
				CLANG_WARN_BLOCK_CAPTURE_AUTORELEASING = YES;
				CLANG_WARN_BOOL_CONVERSION = YES;
				CLANG_WARN_COMMA = YES;
				CLANG_WARN_CONSTANT_CONVERSION = YES;
				CLANG_WARN_DEPRECATED_OBJC_IMPLEMENTATIONS = YES;
				CLANG_WARN_DIRECT_OBJC_ISA_USAGE = YES_ERROR;
				CLANG_WARN_DOCUMENTATION_COMMENTS = YES;
				CLANG_WARN_EMPTY_BODY = YES;
				CLANG_WARN_ENUM_CONVERSION = YES;
				CLANG_WARN_INFINITE_RECURSION = YES;
				CLANG_WARN_INT_CONVERSION = YES;
				CLANG_WARN_NON_LITERAL_NULL_CONVERSION = YES;
				CLANG_WARN_OBJC_IMPLICIT_RETAIN_SELF = YES;
				CLANG_WARN_OBJC_LITERAL_CONVERSION = YES;
				CLANG_WARN_OBJC_ROOT_CLASS = YES_ERROR;
				CLANG_WARN_QUOTED_INCLUDE_IN_FRAMEWORK_HEADER = YES;
				CLANG_WARN_RANGE_LOOP_ANALYSIS = YES;
				CLANG_WARN_STRICT_PROTOTYPES = YES;
				CLANG_WARN_SUSPICIOUS_MOVE = YES;
				CLANG_WARN_UNGUARDED_AVAILABILITY = YES_AGGRESSIVE;
				CLANG_WARN_UNREACHABLE_CODE = YES;
				CLANG_WARN__DUPLICATE_METHOD_MATCH = YES;
				COPY_PHASE_STRIP = NO;
				DEBUG_INFORMATION_FORMAT = dwarf;
				ENABLE_STRICT_OBJC_MSGSEND = YES;
				ENABLE_TESTABILITY = YES;
				GCC_C_LANGUAGE_STANDARD = gnu11;
				GCC_DYNAMIC_NO_PIC = NO;
				GCC_NO_COMMON_BLOCKS = YES;
				GCC_OPTIMIZATION_LEVEL = 0;
				GCC_PREPROCESSOR_DEFINITIONS = (
					"DEBUG=1",
					"$(inherited)",
				);
				GCC_WARN_64_TO_32_BIT_CONVERSION = YES;
				GCC_WARN_ABOUT_RETURN_TYPE = YES_ERROR;
				GCC_WARN_UNDECLARED_SELECTOR = YES;
				GCC_WARN_UNINITIALIZED_AUTOS = YES_AGGRESSIVE;
				GCC_WARN_UNUSED_FUNCTION = YES;
				GCC_WARN_UNUSED_VARIABLE = YES;
				IPHONEOS_DEPLOYMENT_TARGET = 15.5;
				MTL_ENABLE_DEBUG_INFO = INCLUDE_SOURCE;
				MTL_FAST_MATH = YES;
				ONLY_ACTIVE_ARCH = YES;
				SDKROOT = iphoneos;
				SWIFT_ACTIVE_COMPILATION_CONDITIONS = DEBUG;
				SWIFT_OPTIMIZATION_LEVEL = "-Onone";
			};
			name = Debug;
		};
		F8F0DC5628BB7CE0001C34EC /* Release */ = {
			isa = XCBuildConfiguration;
			buildSettings = {
				ALWAYS_SEARCH_USER_PATHS = NO;
				CLANG_ANALYZER_NONNULL = YES;
				CLANG_ANALYZER_NUMBER_OBJECT_CONVERSION = YES_AGGRESSIVE;
				CLANG_CXX_LANGUAGE_STANDARD = "gnu++17";
				CLANG_ENABLE_MODULES = YES;
				CLANG_ENABLE_OBJC_ARC = YES;
				CLANG_ENABLE_OBJC_WEAK = YES;
				CLANG_WARN_BLOCK_CAPTURE_AUTORELEASING = YES;
				CLANG_WARN_BOOL_CONVERSION = YES;
				CLANG_WARN_COMMA = YES;
				CLANG_WARN_CONSTANT_CONVERSION = YES;
				CLANG_WARN_DEPRECATED_OBJC_IMPLEMENTATIONS = YES;
				CLANG_WARN_DIRECT_OBJC_ISA_USAGE = YES_ERROR;
				CLANG_WARN_DOCUMENTATION_COMMENTS = YES;
				CLANG_WARN_EMPTY_BODY = YES;
				CLANG_WARN_ENUM_CONVERSION = YES;
				CLANG_WARN_INFINITE_RECURSION = YES;
				CLANG_WARN_INT_CONVERSION = YES;
				CLANG_WARN_NON_LITERAL_NULL_CONVERSION = YES;
				CLANG_WARN_OBJC_IMPLICIT_RETAIN_SELF = YES;
				CLANG_WARN_OBJC_LITERAL_CONVERSION = YES;
				CLANG_WARN_OBJC_ROOT_CLASS = YES_ERROR;
				CLANG_WARN_QUOTED_INCLUDE_IN_FRAMEWORK_HEADER = YES;
				CLANG_WARN_RANGE_LOOP_ANALYSIS = YES;
				CLANG_WARN_STRICT_PROTOTYPES = YES;
				CLANG_WARN_SUSPICIOUS_MOVE = YES;
				CLANG_WARN_UNGUARDED_AVAILABILITY = YES_AGGRESSIVE;
				CLANG_WARN_UNREACHABLE_CODE = YES;
				CLANG_WARN__DUPLICATE_METHOD_MATCH = YES;
				COPY_PHASE_STRIP = NO;
				DEBUG_INFORMATION_FORMAT = "dwarf-with-dsym";
				ENABLE_NS_ASSERTIONS = NO;
				ENABLE_STRICT_OBJC_MSGSEND = YES;
				GCC_C_LANGUAGE_STANDARD = gnu11;
				GCC_NO_COMMON_BLOCKS = YES;
				GCC_WARN_64_TO_32_BIT_CONVERSION = YES;
				GCC_WARN_ABOUT_RETURN_TYPE = YES_ERROR;
				GCC_WARN_UNDECLARED_SELECTOR = YES;
				GCC_WARN_UNINITIALIZED_AUTOS = YES_AGGRESSIVE;
				GCC_WARN_UNUSED_FUNCTION = YES;
				GCC_WARN_UNUSED_VARIABLE = YES;
				IPHONEOS_DEPLOYMENT_TARGET = 15.5;
				MTL_ENABLE_DEBUG_INFO = NO;
				MTL_FAST_MATH = YES;
				SDKROOT = iphoneos;
				SWIFT_COMPILATION_MODE = wholemodule;
				SWIFT_OPTIMIZATION_LEVEL = "-O";
				VALIDATE_PRODUCT = YES;
			};
			name = Release;
		};
		F8F0DC5828BB7CE0001C34EC /* Debug */ = {
			isa = XCBuildConfiguration;
			buildSettings = {
				ASSETCATALOG_COMPILER_APPICON_NAME = AppIcon;
				ASSETCATALOG_COMPILER_GLOBAL_ACCENT_COLOR_NAME = AccentColor;
				CODE_SIGN_STYLE = Automatic;
				CURRENT_PROJECT_VERSION = 1;
				DEVELOPMENT_ASSET_PATHS = "\"iOSTakeHomeProject/Preview Content\"";
				DEVELOPMENT_TEAM = EKZMJ583Y3;
				ENABLE_PREVIEWS = YES;
				GENERATE_INFOPLIST_FILE = YES;
				INFOPLIST_FILE = iOSTakeHomeProject/Info.plist;
				INFOPLIST_KEY_UIApplicationSceneManifest_Generation = YES;
				INFOPLIST_KEY_UIApplicationSupportsIndirectInputEvents = YES;
				INFOPLIST_KEY_UISupportedInterfaceOrientations_iPad = "UIInterfaceOrientationPortrait UIInterfaceOrientationPortraitUpsideDown UIInterfaceOrientationLandscapeLeft UIInterfaceOrientationLandscapeRight";
				INFOPLIST_KEY_UISupportedInterfaceOrientations_iPhone = "UIInterfaceOrientationPortrait UIInterfaceOrientationLandscapeLeft UIInterfaceOrientationLandscapeRight";
				LD_RUNPATH_SEARCH_PATHS = (
					"$(inherited)",
					"@executable_path/Frameworks",
				);
				MARKETING_VERSION = 1.0;
				PRODUCT_BUNDLE_IDENTIFIER = com.CRG.iOSTakeHomeProject;
				PRODUCT_NAME = "$(TARGET_NAME)";
				SWIFT_EMIT_LOC_STRINGS = YES;
				SWIFT_VERSION = 5.0;
				TARGETED_DEVICE_FAMILY = "1,2";
			};
			name = Debug;
		};
		F8F0DC5928BB7CE0001C34EC /* Release */ = {
			isa = XCBuildConfiguration;
			buildSettings = {
				ASSETCATALOG_COMPILER_APPICON_NAME = AppIcon;
				ASSETCATALOG_COMPILER_GLOBAL_ACCENT_COLOR_NAME = AccentColor;
				CODE_SIGN_STYLE = Automatic;
				CURRENT_PROJECT_VERSION = 1;
				DEVELOPMENT_ASSET_PATHS = "\"iOSTakeHomeProject/Preview Content\"";
				DEVELOPMENT_TEAM = EKZMJ583Y3;
				ENABLE_PREVIEWS = YES;
				GENERATE_INFOPLIST_FILE = YES;
				INFOPLIST_FILE = iOSTakeHomeProject/Info.plist;
				INFOPLIST_KEY_UIApplicationSceneManifest_Generation = YES;
				INFOPLIST_KEY_UIApplicationSupportsIndirectInputEvents = YES;
				INFOPLIST_KEY_UISupportedInterfaceOrientations_iPad = "UIInterfaceOrientationPortrait UIInterfaceOrientationPortraitUpsideDown UIInterfaceOrientationLandscapeLeft UIInterfaceOrientationLandscapeRight";
				INFOPLIST_KEY_UISupportedInterfaceOrientations_iPhone = "UIInterfaceOrientationPortrait UIInterfaceOrientationLandscapeLeft UIInterfaceOrientationLandscapeRight";
				LD_RUNPATH_SEARCH_PATHS = (
					"$(inherited)",
					"@executable_path/Frameworks",
				);
				MARKETING_VERSION = 1.0;
				PRODUCT_BUNDLE_IDENTIFIER = com.CRG.iOSTakeHomeProject;
				PRODUCT_NAME = "$(TARGET_NAME)";
				SWIFT_EMIT_LOC_STRINGS = YES;
				SWIFT_VERSION = 5.0;
				TARGETED_DEVICE_FAMILY = "1,2";
			};
			name = Release;
		};
/* End XCBuildConfiguration section */

/* Begin XCConfigurationList section */
		F80BD1B82A6F0B5600469DDD /* Build configuration list for PBXNativeTarget "iOSTakeHomeProjectTests" */ = {
			isa = XCConfigurationList;
			buildConfigurations = (
				F80BD1B92A6F0B5600469DDD /* Debug */,
				F80BD1BA2A6F0B5600469DDD /* Release */,
			);
			defaultConfigurationIsVisible = 0;
			defaultConfigurationName = Release;
		};
		F8F0DC4428BB7CDD001C34EC /* Build configuration list for PBXProject "iOSTakeHomeProject" */ = {
			isa = XCConfigurationList;
			buildConfigurations = (
				F8F0DC5528BB7CE0001C34EC /* Debug */,
				F8F0DC5628BB7CE0001C34EC /* Release */,
			);
			defaultConfigurationIsVisible = 0;
			defaultConfigurationName = Release;
		};
		F8F0DC5728BB7CE0001C34EC /* Build configuration list for PBXNativeTarget "iOSTakeHomeProject" */ = {
			isa = XCConfigurationList;
			buildConfigurations = (
				F8F0DC5828BB7CE0001C34EC /* Debug */,
				F8F0DC5928BB7CE0001C34EC /* Release */,
			);
			defaultConfigurationIsVisible = 0;
			defaultConfigurationName = Release;
		};
/* End XCConfigurationList section */
	};
	rootObject = F8F0DC4128BB7CDD001C34EC /* Project object */;
}
